
Microsoft Visual Studio Solution File, Format Version 12.00
# Visual Studio 15
VisualStudioVersion = 15.0.27428.2011
MinimumVisualStudioVersion = 10.0.40219.1
Project("{FAE04EC0-301F-11D3-BF4B-00C04F79EFBC}") = "Leetcode", "Leetcode\Leetcode.csproj", "{DF0A0BD6-A6D7-4E19-A869-33B53062A61A}"
EndProject
Project("{FAE04EC0-301F-11D3-BF4B-00C04F79EFBC}") = "LeetcodeTests", "LeetcodeTests\LeetcodeTests.csproj", "{06D032A9-F8A7-4230-B891-2524504DBD64}"
EndProject
Global
	GlobalSection(SolutionConfigurationPlatforms) = preSolution
		Debug|Any CPU = Debug|Any CPU
		Release|Any CPU = Release|Any CPU
	EndGlobalSection
	GlobalSection(ProjectConfigurationPlatforms) = postSolution
		{DF0A0BD6-A6D7-4E19-A869-33B53062A61A}.Debug|Any CPU.ActiveCfg = Debug|Any CPU
		{DF0A0BD6-A6D7-4E19-A869-33B53062A61A}.Debug|Any CPU.Build.0 = Debug|Any CPU
		{DF0A0BD6-A6D7-4E19-A869-33B53062A61A}.Release|Any CPU.ActiveCfg = Release|Any CPU
		{DF0A0BD6-A6D7-4E19-A869-33B53062A61A}.Release|Any CPU.Build.0 = Release|Any CPU
		{06D032A9-F8A7-4230-B891-2524504DBD64}.Debug|Any CPU.ActiveCfg = Debug|Any CPU
		{06D032A9-F8A7-4230-B891-2524504DBD64}.Debug|Any CPU.Build.0 = Debug|Any CPU
		{06D032A9-F8A7-4230-B891-2524504DBD64}.Release|Any CPU.ActiveCfg = Release|Any CPU
		{06D032A9-F8A7-4230-B891-2524504DBD64}.Release|Any CPU.Build.0 = Release|Any CPU
	EndGlobalSection
	GlobalSection(SolutionProperties) = preSolution
		HideSolutionNode = FALSE
	EndGlobalSection
	GlobalSection(ExtensibilityGlobals) = postSolution
		SolutionGuid = {24CB9126-27B7-4214-9870-EF9B3A3CADC2}
	EndGlobalSection
EndGlobal
